
Microsoft Visual Studio Solution File, Format Version 12.00
Project("{FAE04EC0-301F-11D3-BF4B-00C04F79EFBC}") = "PlannerA", "PlannerA.csproj", "{570027AB-BCD3-4D03-AB71-2CCD0078D15E}"
EndProject
Project("{FAE04EC0-301F-11D3-BF4B-00C04F79EFBC}") = "PlannerA.BLL", "PlannerA.BLL\PlannerA.BLL.csproj", "{549C3F57-E5B8-4349-90B4-11567F67A6C7}"
EndProject
Project("{FAE04EC0-301F-11D3-BF4B-00C04F79EFBC}") = "PlannerA.DAL", "PlannerA.DAL\PlannerA.DAL.csproj", "{6CDA87F1-B682-4E40-8A84-5706C1AEE591}"
EndProject
Project("{FAE04EC0-301F-11D3-BF4B-00C04F79EFBC}") = "PlannerA.Model", "PlannerA.Model\PlannerA.Model.csproj", "{F5A8A97D-6388-4D66-87B0-0C04506D49ED}"
EndProject
Project("{FAE04EC0-301F-11D3-BF4B-00C04F79EFBC}") = "PlannerA.Desktop", "PlannerA.Desktop\PlannerA.Desktop.csproj", "{58EAD718-3C55-40F8-A043-8116DD66F9F8}"
EndProject
Global
	GlobalSection(SolutionConfigurationPlatforms) = preSolution
		Debug|Any CPU = Debug|Any CPU
		Release|Any CPU = Release|Any CPU
	EndGlobalSection
	GlobalSection(ProjectConfigurationPlatforms) = postSolution
		{570027AB-BCD3-4D03-AB71-2CCD0078D15E}.Debug|Any CPU.ActiveCfg = Debug|Any CPU
		{570027AB-BCD3-4D03-AB71-2CCD0078D15E}.Debug|Any CPU.Build.0 = Debug|Any CPU
		{570027AB-BCD3-4D03-AB71-2CCD0078D15E}.Release|Any CPU.ActiveCfg = Release|Any CPU
		{570027AB-BCD3-4D03-AB71-2CCD0078D15E}.Release|Any CPU.Build.0 = Release|Any CPU
		{549C3F57-E5B8-4349-90B4-11567F67A6C7}.Debug|Any CPU.ActiveCfg = Debug|Any CPU
		{549C3F57-E5B8-4349-90B4-11567F67A6C7}.Debug|Any CPU.Build.0 = Debug|Any CPU
		{549C3F57-E5B8-4349-90B4-11567F67A6C7}.Release|Any CPU.ActiveCfg = Release|Any CPU
		{549C3F57-E5B8-4349-90B4-11567F67A6C7}.Release|Any CPU.Build.0 = Release|Any CPU
		{6CDA87F1-B682-4E40-8A84-5706C1AEE591}.Debug|Any CPU.ActiveCfg = Debug|Any CPU
		{6CDA87F1-B682-4E40-8A84-5706C1AEE591}.Debug|Any CPU.Build.0 = Debug|Any CPU
		{6CDA87F1-B682-4E40-8A84-5706C1AEE591}.Release|Any CPU.ActiveCfg = Release|Any CPU
		{6CDA87F1-B682-4E40-8A84-5706C1AEE591}.Release|Any CPU.Build.0 = Release|Any CPU
		{F5A8A97D-6388-4D66-87B0-0C04506D49ED}.Debug|Any CPU.ActiveCfg = Debug|Any CPU
		{F5A8A97D-6388-4D66-87B0-0C04506D49ED}.Debug|Any CPU.Build.0 = Debug|Any CPU
		{F5A8A97D-6388-4D66-87B0-0C04506D49ED}.Release|Any CPU.ActiveCfg = Release|Any CPU
		{F5A8A97D-6388-4D66-87B0-0C04506D49ED}.Release|Any CPU.Build.0 = Release|Any CPU
		{58EAD718-3C55-40F8-A043-8116DD66F9F8}.Debug|Any CPU.ActiveCfg = Debug|Any CPU
		{58EAD718-3C55-40F8-A043-8116DD66F9F8}.Debug|Any CPU.Build.0 = Debug|Any CPU
		{58EAD718-3C55-40F8-A043-8116DD66F9F8}.Release|Any CPU.ActiveCfg = Release|Any CPU
		{58EAD718-3C55-40F8-A043-8116DD66F9F8}.Release|Any CPU.Build.0 = Release|Any CPU
	EndGlobalSection
EndGlobal
